// !$*UTF8*$!
{
	archiveVersion = 1;
	classes = {
	};
	objectVersion = 55;
	objects = {

/* Begin PBXBuildFile section */
		775D5766C465F3C1798509D8 /* Pods_CameraRxSwiftPractice.framework in Frameworks */ = {isa = PBXBuildFile; fileRef = ED3155F54C74E9CEBEE06F57 /* Pods_CameraRxSwiftPractice.framework */; };
		FE6A004427835A3B0090BF55 /* AppDelegate.swift in Sources */ = {isa = PBXBuildFile; fileRef = FE6A004327835A3B0090BF55 /* AppDelegate.swift */; };
		FE6A004627835A3B0090BF55 /* SceneDelegate.swift in Sources */ = {isa = PBXBuildFile; fileRef = FE6A004527835A3B0090BF55 /* SceneDelegate.swift */; };
		FE6A004827835A3B0090BF55 /* ViewController.swift in Sources */ = {isa = PBXBuildFile; fileRef = FE6A004727835A3B0090BF55 /* ViewController.swift */; };
		FE6A004B27835A3B0090BF55 /* Main.storyboard in Resources */ = {isa = PBXBuildFile; fileRef = FE6A004927835A3B0090BF55 /* Main.storyboard */; };
		FE6A004D27835A3C0090BF55 /* Assets.xcassets in Resources */ = {isa = PBXBuildFile; fileRef = FE6A004C27835A3C0090BF55 /* Assets.xcassets */; };
		FE6A005027835A3C0090BF55 /* LaunchScreen.storyboard in Resources */ = {isa = PBXBuildFile; fileRef = FE6A004E27835A3C0090BF55 /* LaunchScreen.storyboard */; };
		FE6A005A278361D40090BF55 /* PhotosCollectionViewController.swift in Sources */ = {isa = PBXBuildFile; fileRef = FE6A0059278361D40090BF55 /* PhotosCollectionViewController.swift */; };
/* End PBXBuildFile section */

/* Begin PBXFileReference section */
		0097B7D8F3A0CE2BA22B2A2B /* Pods-CameraRxSwiftPractice.release.xcconfig */ = {isa = PBXFileReference; includeInIndex = 1; lastKnownFileType = text.xcconfig; name = "Pods-CameraRxSwiftPractice.release.xcconfig"; path = "Target Support Files/Pods-CameraRxSwiftPractice/Pods-CameraRxSwiftPractice.release.xcconfig"; sourceTree = "<group>"; };
		BFE016183E71CE23B61773C8 /* Pods-CameraRxSwiftPractice.debug.xcconfig */ = {isa = PBXFileReference; includeInIndex = 1; lastKnownFileType = text.xcconfig; name = "Pods-CameraRxSwiftPractice.debug.xcconfig"; path = "Target Support Files/Pods-CameraRxSwiftPractice/Pods-CameraRxSwiftPractice.debug.xcconfig"; sourceTree = "<group>"; };
		ED3155F54C74E9CEBEE06F57 /* Pods_CameraRxSwiftPractice.framework */ = {isa = PBXFileReference; explicitFileType = wrapper.framework; includeInIndex = 0; path = Pods_CameraRxSwiftPractice.framework; sourceTree = BUILT_PRODUCTS_DIR; };
		FE6A004027835A3B0090BF55 /* CameraRxSwiftPractice.app */ = {isa = PBXFileReference; explicitFileType = wrapper.application; includeInIndex = 0; path = CameraRxSwiftPractice.app; sourceTree = BUILT_PRODUCTS_DIR; };
		FE6A004327835A3B0090BF55 /* AppDelegate.swift */ = {isa = PBXFileReference; lastKnownFileType = sourcecode.swift; path = AppDelegate.swift; sourceTree = "<group>"; };
		FE6A004527835A3B0090BF55 /* SceneDelegate.swift */ = {isa = PBXFileReference; lastKnownFileType = sourcecode.swift; path = SceneDelegate.swift; sourceTree = "<group>"; };
		FE6A004727835A3B0090BF55 /* ViewController.swift */ = {isa = PBXFileReference; lastKnownFileType = sourcecode.swift; path = ViewController.swift; sourceTree = "<group>"; };
		FE6A004A27835A3B0090BF55 /* Base */ = {isa = PBXFileReference; lastKnownFileType = file.storyboard; name = Base; path = Base.lproj/Main.storyboard; sourceTree = "<group>"; };
		FE6A004C27835A3C0090BF55 /* Assets.xcassets */ = {isa = PBXFileReference; lastKnownFileType = folder.assetcatalog; path = Assets.xcassets; sourceTree = "<group>"; };
		FE6A004F27835A3C0090BF55 /* Base */ = {isa = PBXFileReference; lastKnownFileType = file.storyboard; name = Base; path = Base.lproj/LaunchScreen.storyboard; sourceTree = "<group>"; };
		FE6A005127835A3C0090BF55 /* Info.plist */ = {isa = PBXFileReference; lastKnownFileType = text.plist.xml; path = Info.plist; sourceTree = "<group>"; };
		FE6A0059278361D40090BF55 /* PhotosCollectionViewController.swift */ = {isa = PBXFileReference; lastKnownFileType = sourcecode.swift; path = PhotosCollectionViewController.swift; sourceTree = "<group>"; };
/* End PBXFileReference section */

/* Begin PBXFrameworksBuildPhase section */
		FE6A003D27835A3B0090BF55 /* Frameworks */ = {
			isa = PBXFrameworksBuildPhase;
			buildActionMask = 2147483647;
			files = (
				775D5766C465F3C1798509D8 /* Pods_CameraRxSwiftPractice.framework in Frameworks */,
			);
			runOnlyForDeploymentPostprocessing = 0;
		};
/* End PBXFrameworksBuildPhase section */

/* Begin PBXGroup section */
		6696F064880CFC877CBA3EBC /* Pods */ = {
			isa = PBXGroup;
			children = (
				BFE016183E71CE23B61773C8 /* Pods-CameraRxSwiftPractice.debug.xcconfig */,
				0097B7D8F3A0CE2BA22B2A2B /* Pods-CameraRxSwiftPractice.release.xcconfig */,
			);
			name = Pods;
			path = Pods;
			sourceTree = "<group>";
		};
		CE1C49B37068DF698285DC6A /* Frameworks */ = {
			isa = PBXGroup;
			children = (
				ED3155F54C74E9CEBEE06F57 /* Pods_CameraRxSwiftPractice.framework */,
			);
			name = Frameworks;
			sourceTree = "<group>";
		};
		FE6A003727835A3B0090BF55 = {
			isa = PBXGroup;
			children = (
				FE6A004227835A3B0090BF55 /* CameraRxSwiftPractice */,
				FE6A004127835A3B0090BF55 /* Products */,
				6696F064880CFC877CBA3EBC /* Pods */,
				CE1C49B37068DF698285DC6A /* Frameworks */,
			);
			sourceTree = "<group>";
		};
		FE6A004127835A3B0090BF55 /* Products */ = {
			isa = PBXGroup;
			children = (
				FE6A004027835A3B0090BF55 /* CameraRxSwiftPractice.app */,
			);
			name = Products;
			sourceTree = "<group>";
		};
		FE6A004227835A3B0090BF55 /* CameraRxSwiftPractice */ = {
			isa = PBXGroup;
			children = (
				FE6A004327835A3B0090BF55 /* AppDelegate.swift */,
				FE6A004527835A3B0090BF55 /* SceneDelegate.swift */,
				FE6A004727835A3B0090BF55 /* ViewController.swift */,
				FE6A0059278361D40090BF55 /* PhotosCollectionViewController.swift */,
				FE6A004927835A3B0090BF55 /* Main.storyboard */,
				FE6A004C27835A3C0090BF55 /* Assets.xcassets */,
				FE6A004E27835A3C0090BF55 /* LaunchScreen.storyboard */,
				FE6A005127835A3C0090BF55 /* Info.plist */,
			);
			path = CameraRxSwiftPractice;
			sourceTree = "<group>";
		};
/* End PBXGroup section */

/* Begin PBXNativeTarget section */
		FE6A003F27835A3B0090BF55 /* CameraRxSwiftPractice */ = {
			isa = PBXNativeTarget;
			buildConfigurationList = FE6A005427835A3C0090BF55 /* Build configuration list for PBXNativeTarget "CameraRxSwiftPractice" */;
			buildPhases = (
				EAA61E51B862A5EB3DACC534 /* [CP] Check Pods Manifest.lock */,
				FE6A003C27835A3B0090BF55 /* Sources */,
				FE6A003D27835A3B0090BF55 /* Frameworks */,
				FE6A003E27835A3B0090BF55 /* Resources */,
				D44621F3933CE8F2FA72A5BC /* [CP] Embed Pods Frameworks */,
			);
			buildRules = (
			);
			dependencies = (
			);
			name = CameraRxSwiftPractice;
			productName = CameraRxSwiftPractice;
			productReference = FE6A004027835A3B0090BF55 /* CameraRxSwiftPractice.app */;
			productType = "com.apple.product-type.application";
		};
/* End PBXNativeTarget section */

/* Begin PBXProject section */
		FE6A003827835A3B0090BF55 /* Project object */ = {
			isa = PBXProject;
			attributes = {
				BuildIndependentTargetsInParallel = 1;
				LastSwiftUpdateCheck = 1320;
				LastUpgradeCheck = 1320;
				TargetAttributes = {
					FE6A003F27835A3B0090BF55 = {
						CreatedOnToolsVersion = 13.2;
					};
				};
			};
			buildConfigurationList = FE6A003B27835A3B0090BF55 /* Build configuration list for PBXProject "CameraRxSwiftPractice" */;
			compatibilityVersion = "Xcode 13.0";
			developmentRegion = en;
			hasScannedForEncodings = 0;
			knownRegions = (
				en,
				Base,
			);
			mainGroup = FE6A003727835A3B0090BF55;
			productRefGroup = FE6A004127835A3B0090BF55 /* Products */;
			projectDirPath = "";
			projectRoot = "";
			targets = (
				FE6A003F27835A3B0090BF55 /* CameraRxSwiftPractice */,
			);
		};
/* End PBXProject section */

/* Begin PBXResourcesBuildPhase section */
		FE6A003E27835A3B0090BF55 /* Resources */ = {
			isa = PBXResourcesBuildPhase;
			buildActionMask = 2147483647;
			files = (
				FE6A005027835A3C0090BF55 /* LaunchScreen.storyboard in Resources */,
				FE6A004D27835A3C0090BF55 /* Assets.xcassets in Resources */,
				FE6A004B27835A3B0090BF55 /* Main.storyboard in Resources */,
			);
			runOnlyForDeploymentPostprocessing = 0;
		};
/* End PBXResourcesBuildPhase section */

/* Begin PBXShellScriptBuildPhase section */
		D44621F3933CE8F2FA72A5BC /* [CP] Embed Pods Frameworks */ = {
			isa = PBXShellScriptBuildPhase;
			buildActionMask = 2147483647;
			files = (
			);
			inputFileListPaths = (
				"${PODS_ROOT}/Target Support Files/Pods-CameraRxSwiftPractice/Pods-CameraRxSwiftPractice-frameworks-${CONFIGURATION}-input-files.xcfilelist",
			);
			name = "[CP] Embed Pods Frameworks";
			outputFileListPaths = (
				"${PODS_ROOT}/Target Support Files/Pods-CameraRxSwiftPractice/Pods-CameraRxSwiftPractice-frameworks-${CONFIGURATION}-output-files.xcfilelist",
			);
			runOnlyForDeploymentPostprocessing = 0;
			shellPath = /bin/sh;
			shellScript = "\"${PODS_ROOT}/Target Support Files/Pods-CameraRxSwiftPractice/Pods-CameraRxSwiftPractice-frameworks.sh\"\n";
			showEnvVarsInLog = 0;
		};
		EAA61E51B862A5EB3DACC534 /* [CP] Check Pods Manifest.lock */ = {
			isa = PBXShellScriptBuildPhase;
			buildActionMask = 2147483647;
			files = (
			);
			inputFileListPaths = (
			);
			inputPaths = (
				"${PODS_PODFILE_DIR_PATH}/Podfile.lock",
				"${PODS_ROOT}/Manifest.lock",
			);
			name = "[CP] Check Pods Manifest.lock";
			outputFileListPaths = (
			);
			outputPaths = (
				"$(DERIVED_FILE_DIR)/Pods-CameraRxSwiftPractice-checkManifestLockResult.txt",
			);
			runOnlyForDeploymentPostprocessing = 0;
			shellPath = /bin/sh;
			shellScript = "diff \"${PODS_PODFILE_DIR_PATH}/Podfile.lock\" \"${PODS_ROOT}/Manifest.lock\" > /dev/null\nif [ $? != 0 ] ; then\n    # print error to STDERR\n    echo \"error: The sandbox is not in sync with the Podfile.lock. Run 'pod install' or update your CocoaPods installation.\" >&2\n    exit 1\nfi\n# This output is used by Xcode 'outputs' to avoid re-running this script phase.\necho \"SUCCESS\" > \"${SCRIPT_OUTPUT_FILE_0}\"\n";
			showEnvVarsInLog = 0;
		};
/* End PBXShellScriptBuildPhase section */

/* Begin PBXSourcesBuildPhase section */
		FE6A003C27835A3B0090BF55 /* Sources */ = {
			isa = PBXSourcesBuildPhase;
			buildActionMask = 2147483647;
			files = (
				FE6A004827835A3B0090BF55 /* ViewController.swift in Sources */,
				FE6A004427835A3B0090BF55 /* AppDelegate.swift in Sources */,
				FE6A004627835A3B0090BF55 /* SceneDelegate.swift in Sources */,
				FE6A005A278361D40090BF55 /* PhotosCollectionViewController.swift in Sources */,
			);
			runOnlyForDeploymentPostprocessing = 0;
		};
/* End PBXSourcesBuildPhase section */

/* Begin PBXVariantGroup section */
		FE6A004927835A3B0090BF55 /* Main.storyboard */ = {
			isa = PBXVariantGroup;
			children = (
				FE6A004A27835A3B0090BF55 /* Base */,
			);
			name = Main.storyboard;
			sourceTree = "<group>";
		};
		FE6A004E27835A3C0090BF55 /* LaunchScreen.storyboard */ = {
			isa = PBXVariantGroup;
			children = (
				FE6A004F27835A3C0090BF55 /* Base */,
			);
			name = LaunchScreen.storyboard;
			sourceTree = "<group>";
		};
/* End PBXVariantGroup section */

/* Begin XCBuildConfiguration section */
		FE6A005227835A3C0090BF55 /* Debug */ = {
			isa = XCBuildConfiguration;
			buildSettings = {
				ALWAYS_SEARCH_USER_PATHS = NO;
				CLANG_ANALYZER_NONNULL = YES;
				CLANG_ANALYZER_NUMBER_OBJECT_CONVERSION = YES_AGGRESSIVE;
				CLANG_CXX_LANGUAGE_STANDARD = "gnu++17";
				CLANG_CXX_LIBRARY = "libc++";
				CLANG_ENABLE_MODULES = YES;
				CLANG_ENABLE_OBJC_ARC = YES;
				CLANG_ENABLE_OBJC_WEAK = YES;
				CLANG_WARN_BLOCK_CAPTURE_AUTORELEASING = YES;
				CLANG_WARN_BOOL_CONVERSION = YES;
				CLANG_WARN_COMMA = YES;
				CLANG_WARN_CONSTANT_CONVERSION = YES;
				CLANG_WARN_DEPRECATED_OBJC_IMPLEMENTATIONS = YES;
				CLANG_WARN_DIRECT_OBJC_ISA_USAGE = YES_ERROR;
				CLANG_WARN_DOCUMENTATION_COMMENTS = YES;
				CLANG_WARN_EMPTY_BODY = YES;
				CLANG_WARN_ENUM_CONVERSION = YES;
				CLANG_WARN_INFINITE_RECURSION = YES;
				CLANG_WARN_INT_CONVERSION = YES;
				CLANG_WARN_NON_LITERAL_NULL_CONVERSION = YES;
				CLANG_WARN_OBJC_IMPLICIT_RETAIN_SELF = YES;
				CLANG_WARN_OBJC_LITERAL_CONVERSION = YES;
				CLANG_WARN_OBJC_ROOT_CLASS = YES_ERROR;
				CLANG_WARN_QUOTED_INCLUDE_IN_FRAMEWORK_HEADER = YES;
				CLANG_WARN_RANGE_LOOP_ANALYSIS = YES;
				CLANG_WARN_STRICT_PROTOTYPES = YES;
				CLANG_WARN_SUSPICIOUS_MOVE = YES;
				CLANG_WARN_UNGUARDED_AVAILABILITY = YES_AGGRESSIVE;
				CLANG_WARN_UNREACHABLE_CODE = YES;
				CLANG_WARN__DUPLICATE_METHOD_MATCH = YES;
				COPY_PHASE_STRIP = NO;
				DEBUG_INFORMATION_FORMAT = dwarf;
				ENABLE_STRICT_OBJC_MSGSEND = YES;
				ENABLE_TESTABILITY = YES;
				GCC_C_LANGUAGE_STANDARD = gnu11;
				GCC_DYNAMIC_NO_PIC = NO;
				GCC_NO_COMMON_BLOCKS = YES;
				GCC_OPTIMIZATION_LEVEL = 0;
				GCC_PREPROCESSOR_DEFINITIONS = (
					"DEBUG=1",
					"$(inherited)",
				);
				GCC_WARN_64_TO_32_BIT_CONVERSION = YES;
				GCC_WARN_ABOUT_RETURN_TYPE = YES_ERROR;
				GCC_WARN_UNDECLARED_SELECTOR = YES;
				GCC_WARN_UNINITIALIZED_AUTOS = YES_AGGRESSIVE;
				GCC_WARN_UNUSED_FUNCTION = YES;
				GCC_WARN_UNUSED_VARIABLE = YES;
				IPHONEOS_DEPLOYMENT_TARGET = 15.2;
				MTL_ENABLE_DEBUG_INFO = INCLUDE_SOURCE;
				MTL_FAST_MATH = YES;
				ONLY_ACTIVE_ARCH = YES;
				SDKROOT = iphoneos;
				SWIFT_ACTIVE_COMPILATION_CONDITIONS = DEBUG;
				SWIFT_OPTIMIZATION_LEVEL = "-Onone";
			};
			name = Debug;
		};
		FE6A005327835A3C0090BF55 /* Release */ = {
			isa = XCBuildConfiguration;
			buildSettings = {
				ALWAYS_SEARCH_USER_PATHS = NO;
				CLANG_ANALYZER_NONNULL = YES;
				CLANG_ANALYZER_NUMBER_OBJECT_CONVERSION = YES_AGGRESSIVE;
				CLANG_CXX_LANGUAGE_STANDARD = "gnu++17";
				CLANG_CXX_LIBRARY = "libc++";
				CLANG_ENABLE_MODULES = YES;
				CLANG_ENABLE_OBJC_ARC = YES;
				CLANG_ENABLE_OBJC_WEAK = YES;
				CLANG_WARN_BLOCK_CAPTURE_AUTORELEASING = YES;
				CLANG_WARN_BOOL_CONVERSION = YES;
				CLANG_WARN_COMMA = YES;
				CLANG_WARN_CONSTANT_CONVERSION = YES;
				CLANG_WARN_DEPRECATED_OBJC_IMPLEMENTATIONS = YES;
				CLANG_WARN_DIRECT_OBJC_ISA_USAGE = YES_ERROR;
				CLANG_WARN_DOCUMENTATION_COMMENTS = YES;
				CLANG_WARN_EMPTY_BODY = YES;
				CLANG_WARN_ENUM_CONVERSION = YES;
				CLANG_WARN_INFINITE_RECURSION = YES;
				CLANG_WARN_INT_CONVERSION = YES;
				CLANG_WARN_NON_LITERAL_NULL_CONVERSION = YES;
				CLANG_WARN_OBJC_IMPLICIT_RETAIN_SELF = YES;
				CLANG_WARN_OBJC_LITERAL_CONVERSION = YES;
				CLANG_WARN_OBJC_ROOT_CLASS = YES_ERROR;
				CLANG_WARN_QUOTED_INCLUDE_IN_FRAMEWORK_HEADER = YES;
				CLANG_WARN_RANGE_LOOP_ANALYSIS = YES;
				CLANG_WARN_STRICT_PROTOTYPES = YES;
				CLANG_WARN_SUSPICIOUS_MOVE = YES;
				CLANG_WARN_UNGUARDED_AVAILABILITY = YES_AGGRESSIVE;
				CLANG_WARN_UNREACHABLE_CODE = YES;
				CLANG_WARN__DUPLICATE_METHOD_MATCH = YES;
				COPY_PHASE_STRIP = NO;
				DEBUG_INFORMATION_FORMAT = "dwarf-with-dsym";
				ENABLE_NS_ASSERTIONS = NO;
				ENABLE_STRICT_OBJC_MSGSEND = YES;
				GCC_C_LANGUAGE_STANDARD = gnu11;
				GCC_NO_COMMON_BLOCKS = YES;
				GCC_WARN_64_TO_32_BIT_CONVERSION = YES;
				GCC_WARN_ABOUT_RETURN_TYPE = YES_ERROR;
				GCC_WARN_UNDECLARED_SELECTOR = YES;
				GCC_WARN_UNINITIALIZED_AUTOS = YES_AGGRESSIVE;
				GCC_WARN_UNUSED_FUNCTION = YES;
				GCC_WARN_UNUSED_VARIABLE = YES;
				IPHONEOS_DEPLOYMENT_TARGET = 15.2;
				MTL_ENABLE_DEBUG_INFO = NO;
				MTL_FAST_MATH = YES;
				SDKROOT = iphoneos;
				SWIFT_COMPILATION_MODE = wholemodule;
				SWIFT_OPTIMIZATION_LEVEL = "-O";
				VALIDATE_PRODUCT = YES;
			};
			name = Release;
		};
		FE6A005527835A3C0090BF55 /* Debug */ = {
			isa = XCBuildConfiguration;
			baseConfigurationReference = BFE016183E71CE23B61773C8 /* Pods-CameraRxSwiftPractice.debug.xcconfig */;
			buildSettings = {
				ASSETCATALOG_COMPILER_APPICON_NAME = AppIcon;
				ASSETCATALOG_COMPILER_GLOBAL_ACCENT_COLOR_NAME = AccentColor;
				CODE_SIGN_STYLE = Automatic;
				CURRENT_PROJECT_VERSION = 1;
				DEVELOPMENT_TEAM = BHS3RTMXQ6;
				GENERATE_INFOPLIST_FILE = YES;
				INFOPLIST_FILE = CameraRxSwiftPractice/Info.plist;
				INFOPLIST_KEY_UIApplicationSupportsIndirectInputEvents = YES;
				INFOPLIST_KEY_UILaunchStoryboardName = LaunchScreen;
				INFOPLIST_KEY_UIMainStoryboardFile = Main;
				INFOPLIST_KEY_UISupportedInterfaceOrientations_iPad = "UIInterfaceOrientationPortrait UIInterfaceOrientationPortraitUpsideDown UIInterfaceOrientationLandscapeLeft UIInterfaceOrientationLandscapeRight";
				INFOPLIST_KEY_UISupportedInterfaceOrientations_iPhone = "UIInterfaceOrientationPortrait UIInterfaceOrientationLandscapeLeft UIInterfaceOrientationLandscapeRight";
				LD_RUNPATH_SEARCH_PATHS = (
					"$(inherited)",
					"@executable_path/Frameworks",
				);
				MARKETING_VERSION = 1.0;
				PRODUCT_BUNDLE_IDENTIFIER = jagla.dev.CameraRxSwiftPractice;
				PRODUCT_NAME = "$(TARGET_NAME)";
				SWIFT_EMIT_LOC_STRINGS = YES;
				SWIFT_VERSION = 5.0;
				TARGETED_DEVICE_FAMILY = "1,2";
			};
			name = Debug;
		};
		FE6A005627835A3C0090BF55 /* Release */ = {
			isa = XCBuildConfiguration;
			baseConfigurationReference = 0097B7D8F3A0CE2BA22B2A2B /* Pods-CameraRxSwiftPractice.release.xcconfig */;
			buildSettings = {
				ASSETCATALOG_COMPILER_APPICON_NAME = AppIcon;
				ASSETCATALOG_COMPILER_GLOBAL_ACCENT_COLOR_NAME = AccentColor;
				CODE_SIGN_STYLE = Automatic;
				CURRENT_PROJECT_VERSION = 1;
				DEVELOPMENT_TEAM = BHS3RTMXQ6;
				GENERATE_INFOPLIST_FILE = YES;
				INFOPLIST_FILE = CameraRxSwiftPractice/Info.plist;
				INFOPLIST_KEY_UIApplicationSupportsIndirectInputEvents = YES;
				INFOPLIST_KEY_UILaunchStoryboardName = LaunchScreen;
				INFOPLIST_KEY_UIMainStoryboardFile = Main;
				INFOPLIST_KEY_UISupportedInterfaceOrientations_iPad = "UIInterfaceOrientationPortrait UIInterfaceOrientationPortraitUpsideDown UIInterfaceOrientationLandscapeLeft UIInterfaceOrientationLandscapeRight";
				INFOPLIST_KEY_UISupportedInterfaceOrientations_iPhone = "UIInterfaceOrientationPortrait UIInterfaceOrientationLandscapeLeft UIInterfaceOrientationLandscapeRight";
				LD_RUNPATH_SEARCH_PATHS = (
					"$(inherited)",
					"@executable_path/Frameworks",
				);
				MARKETING_VERSION = 1.0;
				PRODUCT_BUNDLE_IDENTIFIER = jagla.dev.CameraRxSwiftPractice;
				PRODUCT_NAME = "$(TARGET_NAME)";
				SWIFT_EMIT_LOC_STRINGS = YES;
				SWIFT_VERSION = 5.0;
				TARGETED_DEVICE_FAMILY = "1,2";
			};
			name = Release;
		};
/* End XCBuildConfiguration section */

/* Begin XCConfigurationList section */
		FE6A003B27835A3B0090BF55 /* Build configuration list for PBXProject "CameraRxSwiftPractice" */ = {
			isa = XCConfigurationList;
			buildConfigurations = (
				FE6A005227835A3C0090BF55 /* Debug */,
				FE6A005327835A3C0090BF55 /* Release */,
			);
			defaultConfigurationIsVisible = 0;
			defaultConfigurationName = Release;
		};
		FE6A005427835A3C0090BF55 /* Build configuration list for PBXNativeTarget "CameraRxSwiftPractice" */ = {
			isa = XCConfigurationList;
			buildConfigurations = (
				FE6A005527835A3C0090BF55 /* Debug */,
				FE6A005627835A3C0090BF55 /* Release */,
			);
			defaultConfigurationIsVisible = 0;
			defaultConfigurationName = Release;
		};
/* End XCConfigurationList section */
	};
	rootObject = FE6A003827835A3B0090BF55 /* Project object */;
}
